
Microsoft Visual Studio Solution File, Format Version 12.00
# Visual Studio Version 17
VisualStudioVersion = 17.14.36414.22
MinimumVisualStudioVersion = 10.0.40219.1
Project("{FAE04EC0-301F-11D3-BF4B-00C04F79EFBC}") = "01-zaklady", "01-zaklady\01-zaklady.csproj", "{79A82F68-88AD-418D-9285-FD8E60E76255}"
EndProject
Project("{FAE04EC0-301F-11D3-BF4B-00C04F79EFBC}") = "02-datoveTypy", "02-datoveTypy\02-datoveTypy.csproj", "{F15F708B-8411-43A4-863A-45143C579CFC}"
EndProject
Project("{FAE04EC0-301F-11D3-BF4B-00C04F79EFBC}") = "03-operatory", "03-operatory\03-operatory.csproj", "{7B6E2A23-FD95-4113-A983-E37ED7E76D0B}"
EndProject
Project("{FAE04EC0-301F-11D3-BF4B-00C04F79EFBC}") = "04-Podprogramy", "04-Podprogramy\04-Podprogramy.csproj", "{98895945-9634-4FAF-9B22-8BE1C9407A6F}"
EndProject
Project("{FAE04EC0-301F-11D3-BF4B-00C04F79EFBC}") = "05-Pole", "05-Pole\05-Pole.csproj", "{1AEFFCD5-23AF-4D3A-801B-4036B7371FED}"
EndProject
Project("{FAE04EC0-301F-11D3-BF4B-00C04F79EFBC}") = "06-PráceSPolem", "06-PráceSPolem\06-PráceSPolem.csproj", "{9025EFD7-85E4-4EA6-BC0A-21E95F486A2F}"
EndProject
Project("{FAE04EC0-301F-11D3-BF4B-00C04F79EFBC}") = "07-vyjimky", "07-vyjimky\07-vyjimky.csproj", "{55F7EBF7-006C-45FF-8C55-B86B67B791FB}"
EndProject
Project("{FAE04EC0-301F-11D3-BF4B-00C04F79EFBC}") = "08-trida", "08-trida\08-trida.csproj", "{BDD2657C-E000-4159-9710-8E48044BA660}"
EndProject
Project("{FAE04EC0-301F-11D3-BF4B-00C04F79EFBC}") = "09-statika", "09-statika\09-statika.csproj", "{E729FC39-D17F-439F-B565-EDD9453D2555}"
EndProject
Global
	GlobalSection(SolutionConfigurationPlatforms) = preSolution
		Debug|Any CPU = Debug|Any CPU
		Release|Any CPU = Release|Any CPU
	EndGlobalSection
	GlobalSection(ProjectConfigurationPlatforms) = postSolution
		{79A82F68-88AD-418D-9285-FD8E60E76255}.Debug|Any CPU.ActiveCfg = Debug|Any CPU
		{79A82F68-88AD-418D-9285-FD8E60E76255}.Debug|Any CPU.Build.0 = Debug|Any CPU
		{79A82F68-88AD-418D-9285-FD8E60E76255}.Release|Any CPU.ActiveCfg = Release|Any CPU
		{79A82F68-88AD-418D-9285-FD8E60E76255}.Release|Any CPU.Build.0 = Release|Any CPU
		{F15F708B-8411-43A4-863A-45143C579CFC}.Debug|Any CPU.ActiveCfg = Debug|Any CPU
		{F15F708B-8411-43A4-863A-45143C579CFC}.Debug|Any CPU.Build.0 = Debug|Any CPU
		{F15F708B-8411-43A4-863A-45143C579CFC}.Release|Any CPU.ActiveCfg = Release|Any CPU
		{F15F708B-8411-43A4-863A-45143C579CFC}.Release|Any CPU.Build.0 = Release|Any CPU
		{7B6E2A23-FD95-4113-A983-E37ED7E76D0B}.Debug|Any CPU.ActiveCfg = Debug|Any CPU
		{7B6E2A23-FD95-4113-A983-E37ED7E76D0B}.Debug|Any CPU.Build.0 = Debug|Any CPU
		{7B6E2A23-FD95-4113-A983-E37ED7E76D0B}.Release|Any CPU.ActiveCfg = Release|Any CPU
		{7B6E2A23-FD95-4113-A983-E37ED7E76D0B}.Release|Any CPU.Build.0 = Release|Any CPU
		{98895945-9634-4FAF-9B22-8BE1C9407A6F}.Debug|Any CPU.ActiveCfg = Debug|Any CPU
		{98895945-9634-4FAF-9B22-8BE1C9407A6F}.Debug|Any CPU.Build.0 = Debug|Any CPU
		{98895945-9634-4FAF-9B22-8BE1C9407A6F}.Release|Any CPU.ActiveCfg = Release|Any CPU
		{98895945-9634-4FAF-9B22-8BE1C9407A6F}.Release|Any CPU.Build.0 = Release|Any CPU
		{1AEFFCD5-23AF-4D3A-801B-4036B7371FED}.Debug|Any CPU.ActiveCfg = Debug|Any CPU
		{1AEFFCD5-23AF-4D3A-801B-4036B7371FED}.Debug|Any CPU.Build.0 = Debug|Any CPU
		{1AEFFCD5-23AF-4D3A-801B-4036B7371FED}.Release|Any CPU.ActiveCfg = Release|Any CPU
		{1AEFFCD5-23AF-4D3A-801B-4036B7371FED}.Release|Any CPU.Build.0 = Release|Any CPU
		{9025EFD7-85E4-4EA6-BC0A-21E95F486A2F}.Debug|Any CPU.ActiveCfg = Debug|Any CPU
		{9025EFD7-85E4-4EA6-BC0A-21E95F486A2F}.Debug|Any CPU.Build.0 = Debug|Any CPU
		{9025EFD7-85E4-4EA6-BC0A-21E95F486A2F}.Release|Any CPU.ActiveCfg = Release|Any CPU
		{9025EFD7-85E4-4EA6-BC0A-21E95F486A2F}.Release|Any CPU.Build.0 = Release|Any CPU
		{55F7EBF7-006C-45FF-8C55-B86B67B791FB}.Debug|Any CPU.ActiveCfg = Debug|Any CPU
		{55F7EBF7-006C-45FF-8C55-B86B67B791FB}.Debug|Any CPU.Build.0 = Debug|Any CPU
		{55F7EBF7-006C-45FF-8C55-B86B67B791FB}.Release|Any CPU.ActiveCfg = Release|Any CPU
		{55F7EBF7-006C-45FF-8C55-B86B67B791FB}.Release|Any CPU.Build.0 = Release|Any CPU
		{BDD2657C-E000-4159-9710-8E48044BA660}.Debug|Any CPU.ActiveCfg = Debug|Any CPU
		{BDD2657C-E000-4159-9710-8E48044BA660}.Debug|Any CPU.Build.0 = Debug|Any CPU
		{BDD2657C-E000-4159-9710-8E48044BA660}.Release|Any CPU.ActiveCfg = Release|Any CPU
		{BDD2657C-E000-4159-9710-8E48044BA660}.Release|Any CPU.Build.0 = Release|Any CPU
		{E729FC39-D17F-439F-B565-EDD9453D2555}.Debug|Any CPU.ActiveCfg = Debug|Any CPU
		{E729FC39-D17F-439F-B565-EDD9453D2555}.Debug|Any CPU.Build.0 = Debug|Any CPU
		{E729FC39-D17F-439F-B565-EDD9453D2555}.Release|Any CPU.ActiveCfg = Release|Any CPU
		{E729FC39-D17F-439F-B565-EDD9453D2555}.Release|Any CPU.Build.0 = Release|Any CPU
	EndGlobalSection
	GlobalSection(SolutionProperties) = preSolution
		HideSolutionNode = FALSE
	EndGlobalSection
	GlobalSection(ExtensibilityGlobals) = postSolution
		SolutionGuid = {9C871175-A54F-48DA-8DD7-256111BD7292}
	EndGlobalSection
EndGlobal
